<?xml version="1.0" encoding="UTF-8"?>
<Scheme
   version = "1.3">
   <BuildAction>
      <BuildActionEntries>
         <BuildActionEntry
            buildForTesting = "YES">
            <BuildableReference
               BuildableIdentifier = "primary"
               BlueprintIdentifier = "29B7542024D81A1A00C6E5F7"
               BuildableName = "TestTaskTests.xctest"
               BlueprintName = "TestTaskTests"
               ReferencedContainer = "container:TestTask.xcodeproj">
            </BuildableReference>
         </BuildActionEntry>
      </BuildActionEntries>
   </BuildAction>
   <TestAction
      buildConfiguration = "Debug">
      <Testables>
         <TestableReference>
            <BuildableReference
               BuildableIdentifier = "primary"
               BlueprintIdentifier = "29B7542024D81A1A00C6E5F7"
               BuildableName = "TestTaskTests.xctest"
               BlueprintName = "TestTaskTests"
               ReferencedContainer = "container:TestTask.xcodeproj">
            </BuildableReference>
            <SelectedTests>
               <Test
                  Identifier = "PersonDetailsTests/testLoadPersonDetailsSuccessful">
               </Test>
            </SelectedTests>
         </TestableReference>
      </Testables>
   </TestAction>
   <LaunchAction
      useCustomWorkingDirectory = "NO"
      allowLocationSimulation = "YES">
   </LaunchAction>
</Scheme>
